
Microsoft Visual Studio Solution File, Format Version 12.00
# Visual Studio Version 16
VisualStudioVersion = 16.0.31729.503
MinimumVisualStudioVersion = 10.0.40219.1
Project("{FAE04EC0-301F-11D3-BF4B-00C04F79EFBC}") = "GoogleForm", "GoogleForm\GoogleForm.csproj", "{410EF122-4DEB-4A6E-A889-0C6080E5C4D3}"
EndProject
Global
	GlobalSection(SolutionConfigurationPlatforms) = preSolution
		Debug|Any CPU = Debug|Any CPU
		Release|Any CPU = Release|Any CPU
	EndGlobalSection
	GlobalSection(ProjectConfigurationPlatforms) = postSolution
		{410EF122-4DEB-4A6E-A889-0C6080E5C4D3}.Debug|Any CPU.ActiveCfg = Debug|Any CPU
		{410EF122-4DEB-4A6E-A889-0C6080E5C4D3}.Debug|Any CPU.Build.0 = Debug|Any CPU
		{410EF122-4DEB-4A6E-A889-0C6080E5C4D3}.Release|Any CPU.ActiveCfg = Release|Any CPU
		{410EF122-4DEB-4A6E-A889-0C6080E5C4D3}.Release|Any CPU.Build.0 = Release|Any CPU
	EndGlobalSection
	GlobalSection(SolutionProperties) = preSolution
		HideSolutionNode = FALSE
	EndGlobalSection
	GlobalSection(ExtensibilityGlobals) = postSolution
		SolutionGuid = {27D55E80-A18A-45FB-8150-425D59FD306F}
	EndGlobalSection
EndGlobal
